
Microsoft Visual Studio Solution File, Format Version 12.00
# Visual Studio 15
VisualStudioVersion = 15.0.28307.1022
MinimumVisualStudioVersion = 10.0.40219.1
Project("{8BC9CEB8-8B4A-11D0-8D11-00A0C91BC942}") = "GPP", "GPP\GPP.vcxproj", "{CC8CC705-CC7B-4C5F-B589-872D285AFC24}"
EndProject
Global
	GlobalSection(SolutionConfigurationPlatforms) = preSolution
		Debug|x64 = Debug|x64
		Debug|x86 = Debug|x86
		Release|x64 = Release|x64
		Release|x86 = Release|x86
	EndGlobalSection
	GlobalSection(ProjectConfigurationPlatforms) = postSolution
		{CC8CC705-CC7B-4C5F-B589-872D285AFC24}.Debug|x64.ActiveCfg = Debug|x64
		{CC8CC705-CC7B-4C5F-B589-872D285AFC24}.Debug|x64.Build.0 = Debug|x64
		{CC8CC705-CC7B-4C5F-B589-872D285AFC24}.Debug|x86.ActiveCfg = Debug|Win32
		{CC8CC705-CC7B-4C5F-B589-872D285AFC24}.Debug|x86.Build.0 = Debug|Win32
		{CC8CC705-CC7B-4C5F-B589-872D285AFC24}.Release|x64.ActiveCfg = Release|x64
		{CC8CC705-CC7B-4C5F-B589-872D285AFC24}.Release|x64.Build.0 = Release|x64
		{CC8CC705-CC7B-4C5F-B589-872D285AFC24}.Release|x86.ActiveCfg = Release|Win32
		{CC8CC705-CC7B-4C5F-B589-872D285AFC24}.Release|x86.Build.0 = Release|Win32
	EndGlobalSection
	GlobalSection(SolutionProperties) = preSolution
		HideSolutionNode = FALSE
	EndGlobalSection
	GlobalSection(ExtensibilityGlobals) = postSolution
		SolutionGuid = {694DB714-3191-4880-84EF-7A6F4D1BE1E3}
	EndGlobalSection
EndGlobal
